
Microsoft Visual Studio Solution File, Format Version 12.00
# Visual Studio Version 16
VisualStudioVersion = 16.0.31321.278
MinimumVisualStudioVersion = 10.0.40219.1
Project("{FAE04EC0-301F-11D3-BF4B-00C04F79EFBC}") = "KomodoCafe_ConsoleApp", "KomodoCafe_ConsoleApp\KomodoCafe_ConsoleApp.csproj", "{69C5FCE9-B918-421D-90DE-B76FD1DF495D}"
EndProject
Project("{FAE04EC0-301F-11D3-BF4B-00C04F79EFBC}") = "KomodoCafe_ClassLibrary", "KomodoCafe_ClassLibrary\KomodoCafe_ClassLibrary.csproj", "{08C9DF70-823B-45E5-8C51-18B15BEDFAC9}"
EndProject
Project("{FAE04EC0-301F-11D3-BF4B-00C04F79EFBC}") = "KomodoCafe_UnitTests", "KomodoCafe_UnitTests\KomodoCafe_UnitTests.csproj", "{C9061941-28F7-412F-9A28-E580FB7454C7}"
EndProject
Project("{FAE04EC0-301F-11D3-BF4B-00C04F79EFBC}") = "KomodoClaims_Console", "KomodoClaims_Console\KomodoClaims_Console.csproj", "{E3059078-6EB1-43FB-864E-ED6BB53D476B}"
EndProject
Project("{FAE04EC0-301F-11D3-BF4B-00C04F79EFBC}") = "KomodoClaims_POCOs", "KomodoClaims_POCOs\KomodoClaims_POCOs.csproj", "{FC1EB9DF-B05D-4CDB-A80D-10081EFDC3B9}"
EndProject
Project("{FAE04EC0-301F-11D3-BF4B-00C04F79EFBC}") = "KomodoClaims_UnitTest", "KomodoClaims_UnitTest\KomodoClaims_UnitTest.csproj", "{77226C7D-2C1D-484B-84EF-4EC178725561}"
EndProject
Project("{FAE04EC0-301F-11D3-BF4B-00C04F79EFBC}") = "KomodoBadges_Console", "KomodoBadges_Console\KomodoBadges_Console.csproj", "{12AA8D0A-58E7-4D77-A221-60B1D785B530}"
EndProject
Project("{FAE04EC0-301F-11D3-BF4B-00C04F79EFBC}") = "KomodoBadges_POCOs", "KomodoBadges_POCOs\KomodoBadges_POCOs.csproj", "{BE0E1475-2353-4598-961F-2A389959B555}"
EndProject
Project("{FAE04EC0-301F-11D3-BF4B-00C04F79EFBC}") = "KomodoBadges_UnitTests", "KomodoBadges_UnitTests\KomodoBadges_UnitTests.csproj", "{8CDDA86C-9938-4735-8A5D-DB590D5D047E}"
EndProject
Project("{FAE04EC0-301F-11D3-BF4B-00C04F79EFBC}") = "KomodoOutings", "KomodoOutings\KomodoOutings.csproj", "{18FD4692-545D-43FE-93FB-FFB0143F8C06}"
EndProject
Project("{FAE04EC0-301F-11D3-BF4B-00C04F79EFBC}") = "KomodoOutings_POCOs", "KomodoOutings_POCOs\KomodoOutings_POCOs.csproj", "{1359805F-BC1A-419E-9B74-DBD313C947B8}"
EndProject
Project("{FAE04EC0-301F-11D3-BF4B-00C04F79EFBC}") = "KomodoOutings_UnitTests", "KomodoOutings_UnitTests\KomodoOutings_UnitTests.csproj", "{7A6257FC-3574-4DE9-A069-4E4BCD429CD4}"
EndProject
Global
	GlobalSection(SolutionConfigurationPlatforms) = preSolution
		Debug|Any CPU = Debug|Any CPU
		Release|Any CPU = Release|Any CPU
	EndGlobalSection
	GlobalSection(ProjectConfigurationPlatforms) = postSolution
		{69C5FCE9-B918-421D-90DE-B76FD1DF495D}.Debug|Any CPU.ActiveCfg = Debug|Any CPU
		{69C5FCE9-B918-421D-90DE-B76FD1DF495D}.Debug|Any CPU.Build.0 = Debug|Any CPU
		{69C5FCE9-B918-421D-90DE-B76FD1DF495D}.Release|Any CPU.ActiveCfg = Release|Any CPU
		{69C5FCE9-B918-421D-90DE-B76FD1DF495D}.Release|Any CPU.Build.0 = Release|Any CPU
		{08C9DF70-823B-45E5-8C51-18B15BEDFAC9}.Debug|Any CPU.ActiveCfg = Debug|Any CPU
		{08C9DF70-823B-45E5-8C51-18B15BEDFAC9}.Debug|Any CPU.Build.0 = Debug|Any CPU
		{08C9DF70-823B-45E5-8C51-18B15BEDFAC9}.Release|Any CPU.ActiveCfg = Release|Any CPU
		{08C9DF70-823B-45E5-8C51-18B15BEDFAC9}.Release|Any CPU.Build.0 = Release|Any CPU
		{C9061941-28F7-412F-9A28-E580FB7454C7}.Debug|Any CPU.ActiveCfg = Debug|Any CPU
		{C9061941-28F7-412F-9A28-E580FB7454C7}.Debug|Any CPU.Build.0 = Debug|Any CPU
		{C9061941-28F7-412F-9A28-E580FB7454C7}.Release|Any CPU.ActiveCfg = Release|Any CPU
		{C9061941-28F7-412F-9A28-E580FB7454C7}.Release|Any CPU.Build.0 = Release|Any CPU
		{E3059078-6EB1-43FB-864E-ED6BB53D476B}.Debug|Any CPU.ActiveCfg = Debug|Any CPU
		{E3059078-6EB1-43FB-864E-ED6BB53D476B}.Debug|Any CPU.Build.0 = Debug|Any CPU
		{E3059078-6EB1-43FB-864E-ED6BB53D476B}.Release|Any CPU.ActiveCfg = Release|Any CPU
		{E3059078-6EB1-43FB-864E-ED6BB53D476B}.Release|Any CPU.Build.0 = Release|Any CPU
		{FC1EB9DF-B05D-4CDB-A80D-10081EFDC3B9}.Debug|Any CPU.ActiveCfg = Debug|Any CPU
		{FC1EB9DF-B05D-4CDB-A80D-10081EFDC3B9}.Debug|Any CPU.Build.0 = Debug|Any CPU
		{FC1EB9DF-B05D-4CDB-A80D-10081EFDC3B9}.Release|Any CPU.ActiveCfg = Release|Any CPU
		{FC1EB9DF-B05D-4CDB-A80D-10081EFDC3B9}.Release|Any CPU.Build.0 = Release|Any CPU
		{77226C7D-2C1D-484B-84EF-4EC178725561}.Debug|Any CPU.ActiveCfg = Debug|Any CPU
		{77226C7D-2C1D-484B-84EF-4EC178725561}.Debug|Any CPU.Build.0 = Debug|Any CPU
		{77226C7D-2C1D-484B-84EF-4EC178725561}.Release|Any CPU.ActiveCfg = Release|Any CPU
		{77226C7D-2C1D-484B-84EF-4EC178725561}.Release|Any CPU.Build.0 = Release|Any CPU
		{12AA8D0A-58E7-4D77-A221-60B1D785B530}.Debug|Any CPU.ActiveCfg = Debug|Any CPU
		{12AA8D0A-58E7-4D77-A221-60B1D785B530}.Debug|Any CPU.Build.0 = Debug|Any CPU
		{12AA8D0A-58E7-4D77-A221-60B1D785B530}.Release|Any CPU.ActiveCfg = Release|Any CPU
		{12AA8D0A-58E7-4D77-A221-60B1D785B530}.Release|Any CPU.Build.0 = Release|Any CPU
		{BE0E1475-2353-4598-961F-2A389959B555}.Debug|Any CPU.ActiveCfg = Debug|Any CPU
		{BE0E1475-2353-4598-961F-2A389959B555}.Debug|Any CPU.Build.0 = Debug|Any CPU
		{BE0E1475-2353-4598-961F-2A389959B555}.Release|Any CPU.ActiveCfg = Release|Any CPU
		{BE0E1475-2353-4598-961F-2A389959B555}.Release|Any CPU.Build.0 = Release|Any CPU
		{8CDDA86C-9938-4735-8A5D-DB590D5D047E}.Debug|Any CPU.ActiveCfg = Debug|Any CPU
		{8CDDA86C-9938-4735-8A5D-DB590D5D047E}.Debug|Any CPU.Build.0 = Debug|Any CPU
		{8CDDA86C-9938-4735-8A5D-DB590D5D047E}.Release|Any CPU.ActiveCfg = Release|Any CPU
		{8CDDA86C-9938-4735-8A5D-DB590D5D047E}.Release|Any CPU.Build.0 = Release|Any CPU
		{18FD4692-545D-43FE-93FB-FFB0143F8C06}.Debug|Any CPU.ActiveCfg = Debug|Any CPU
		{18FD4692-545D-43FE-93FB-FFB0143F8C06}.Debug|Any CPU.Build.0 = Debug|Any CPU
		{18FD4692-545D-43FE-93FB-FFB0143F8C06}.Release|Any CPU.ActiveCfg = Release|Any CPU
		{18FD4692-545D-43FE-93FB-FFB0143F8C06}.Release|Any CPU.Build.0 = Release|Any CPU
		{1359805F-BC1A-419E-9B74-DBD313C947B8}.Debug|Any CPU.ActiveCfg = Debug|Any CPU
		{1359805F-BC1A-419E-9B74-DBD313C947B8}.Debug|Any CPU.Build.0 = Debug|Any CPU
		{1359805F-BC1A-419E-9B74-DBD313C947B8}.Release|Any CPU.ActiveCfg = Release|Any CPU
		{1359805F-BC1A-419E-9B74-DBD313C947B8}.Release|Any CPU.Build.0 = Release|Any CPU
		{7A6257FC-3574-4DE9-A069-4E4BCD429CD4}.Debug|Any CPU.ActiveCfg = Debug|Any CPU
		{7A6257FC-3574-4DE9-A069-4E4BCD429CD4}.Debug|Any CPU.Build.0 = Debug|Any CPU
		{7A6257FC-3574-4DE9-A069-4E4BCD429CD4}.Release|Any CPU.ActiveCfg = Release|Any CPU
		{7A6257FC-3574-4DE9-A069-4E4BCD429CD4}.Release|Any CPU.Build.0 = Release|Any CPU
	EndGlobalSection
	GlobalSection(SolutionProperties) = preSolution
		HideSolutionNode = FALSE
	EndGlobalSection
	GlobalSection(ExtensibilityGlobals) = postSolution
		SolutionGuid = {E50368B8-3A8E-4FC5-82C5-9BFE1E31821D}
	EndGlobalSection
EndGlobal
