
Microsoft Visual Studio Solution File, Format Version 12.00
# Visual Studio Version 16
VisualStudioVersion = 16.0.31321.278
MinimumVisualStudioVersion = 10.0.40219.1
Project("{FAE04EC0-301F-11D3-BF4B-00C04F79EFBC}") = "KomodoCafe_ConsoleApp", "KomodoCafe_ConsoleApp\KomodoCafe_ConsoleApp.csproj", "{69C5FCE9-B918-421D-90DE-B76FD1DF495D}"
EndProject
Project("{FAE04EC0-301F-11D3-BF4B-00C04F79EFBC}") = "KomodoCafe_ClassLibrary", "KomodoCafe_ClassLibrary\KomodoCafe_ClassLibrary.csproj", "{08C9DF70-823B-45E5-8C51-18B15BEDFAC9}"
EndProject
Project("{FAE04EC0-301F-11D3-BF4B-00C04F79EFBC}") = "KomodoCafe_UnitTests", "KomodoCafe_UnitTests\KomodoCafe_UnitTests.csproj", "{C9061941-28F7-412F-9A28-E580FB7454C7}"
EndProject
Global
	GlobalSection(SolutionConfigurationPlatforms) = preSolution
		Debug|Any CPU = Debug|Any CPU
		Release|Any CPU = Release|Any CPU
	EndGlobalSection
	GlobalSection(ProjectConfigurationPlatforms) = postSolution
		{69C5FCE9-B918-421D-90DE-B76FD1DF495D}.Debug|Any CPU.ActiveCfg = Debug|Any CPU
		{69C5FCE9-B918-421D-90DE-B76FD1DF495D}.Debug|Any CPU.Build.0 = Debug|Any CPU
		{69C5FCE9-B918-421D-90DE-B76FD1DF495D}.Release|Any CPU.ActiveCfg = Release|Any CPU
		{69C5FCE9-B918-421D-90DE-B76FD1DF495D}.Release|Any CPU.Build.0 = Release|Any CPU
		{08C9DF70-823B-45E5-8C51-18B15BEDFAC9}.Debug|Any CPU.ActiveCfg = Debug|Any CPU
		{08C9DF70-823B-45E5-8C51-18B15BEDFAC9}.Debug|Any CPU.Build.0 = Debug|Any CPU
		{08C9DF70-823B-45E5-8C51-18B15BEDFAC9}.Release|Any CPU.ActiveCfg = Release|Any CPU
		{08C9DF70-823B-45E5-8C51-18B15BEDFAC9}.Release|Any CPU.Build.0 = Release|Any CPU
		{C9061941-28F7-412F-9A28-E580FB7454C7}.Debug|Any CPU.ActiveCfg = Debug|Any CPU
		{C9061941-28F7-412F-9A28-E580FB7454C7}.Debug|Any CPU.Build.0 = Debug|Any CPU
		{C9061941-28F7-412F-9A28-E580FB7454C7}.Release|Any CPU.ActiveCfg = Release|Any CPU
		{C9061941-28F7-412F-9A28-E580FB7454C7}.Release|Any CPU.Build.0 = Release|Any CPU
	EndGlobalSection
	GlobalSection(SolutionProperties) = preSolution
		HideSolutionNode = FALSE
	EndGlobalSection
	GlobalSection(ExtensibilityGlobals) = postSolution
		SolutionGuid = {E50368B8-3A8E-4FC5-82C5-9BFE1E31821D}
	EndGlobalSection
EndGlobal
